
Microsoft Visual Studio Solution File, Format Version 12.00
# Visual Studio Version 17
VisualStudioVersion = 17.0.31903.59
MinimumVisualStudioVersion = 10.0.40219.1
Project("{FAE04EC0-301F-11D3-BF4B-00C04F79EFBC}") = "WeekendMerger", "WeekendMerger\WeekendMerger.csproj", "{9FE99F03-D6DC-465E-90E7-6370378A48A6}"
EndProject
Global
	GlobalSection(SolutionConfigurationPlatforms) = preSolution
		Debug|Any CPU = Debug|Any CPU
		Release|Any CPU = Release|Any CPU
	EndGlobalSection
	GlobalSection(ProjectConfigurationPlatforms) = postSolution
		{9FE99F03-D6DC-465E-90E7-6370378A48A6}.Debug|Any CPU.ActiveCfg = Debug|Any CPU
		{9FE99F03-D6DC-465E-90E7-6370378A48A6}.Debug|Any CPU.Build.0 = Debug|Any CPU
		{9FE99F03-D6DC-465E-90E7-6370378A48A6}.Release|Any CPU.ActiveCfg = Release|Any CPU
		{9FE99F03-D6DC-465E-90E7-6370378A48A6}.Release|Any CPU.Build.0 = Release|Any CPU
	EndGlobalSection
	GlobalSection(SolutionProperties) = preSolution
		HideSolutionNode = FALSE
	EndGlobalSection
	GlobalSection(ExtensibilityGlobals) = postSolution
		SolutionGuid = {76DA3523-5187-46EA-B82A-704C13701B27}
	EndGlobalSection
EndGlobal
